
Microsoft Visual Studio Solution File, Format Version 12.00
# Visual Studio Version 17
VisualStudioVersion = 17.8.34330.188
MinimumVisualStudioVersion = 10.0.40219.1
Project("{FAE04EC0-301F-11D3-BF4B-00C04F79EFBC}") = "WebApp", "WebApp\WebApp.csproj", "{3899D029-FF43-460D-94BF-9E8F3ACBF0AA}"
EndProject
Global
	GlobalSection(SolutionConfigurationPlatforms) = preSolution
		Debug|Any CPU = Debug|Any CPU
		Release|Any CPU = Release|Any CPU
	EndGlobalSection
	GlobalSection(ProjectConfigurationPlatforms) = postSolution
		{3899D029-FF43-460D-94BF-9E8F3ACBF0AA}.Debug|Any CPU.ActiveCfg = Debug|Any CPU
		{3899D029-FF43-460D-94BF-9E8F3ACBF0AA}.Debug|Any CPU.Build.0 = Debug|Any CPU
		{3899D029-FF43-460D-94BF-9E8F3ACBF0AA}.Release|Any CPU.ActiveCfg = Release|Any CPU
		{3899D029-FF43-460D-94BF-9E8F3ACBF0AA}.Release|Any CPU.Build.0 = Release|Any CPU
	EndGlobalSection
	GlobalSection(SolutionProperties) = preSolution
		HideSolutionNode = FALSE
	EndGlobalSection
	GlobalSection(ExtensibilityGlobals) = postSolution
		SolutionGuid = {BA23D794-809A-44DB-A881-C72BD8ECF996}
	EndGlobalSection
EndGlobal
